// !$*UTF8*$!
{
	archiveVersion = 1;
	classes = {
	};
	objectVersion = 50;
	objects = {

/* Begin PBXBuildFile section */
		A3DCE129D290E77B20FAB327 /* Pods_HiNoteSummer21.framework in Frameworks */ = {isa = PBXBuildFile; fileRef = DAF77A3776E75EC55CB0E47F /* Pods_HiNoteSummer21.framework */; };
		C14CDC4B269B6F60001FEBB2 /* GoogleService-Info.plist in Resources */ = {isa = PBXBuildFile; fileRef = C14CDC4A269B6F60001FEBB2 /* GoogleService-Info.plist */; };
		C1E34531267FBB9C00CA373F /* AppDelegate.swift in Sources */ = {isa = PBXBuildFile; fileRef = C1E34530267FBB9B00CA373F /* AppDelegate.swift */; };
		C1E34533267FBB9C00CA373F /* SceneDelegate.swift in Sources */ = {isa = PBXBuildFile; fileRef = C1E34532267FBB9C00CA373F /* SceneDelegate.swift */; };
		C1E34535267FBB9C00CA373F /* ViewController.swift in Sources */ = {isa = PBXBuildFile; fileRef = C1E34534267FBB9C00CA373F /* ViewController.swift */; };
		C1E34538267FBB9C00CA373F /* Main.storyboard in Resources */ = {isa = PBXBuildFile; fileRef = C1E34536267FBB9C00CA373F /* Main.storyboard */; };
		C1E3453A267FBBA500CA373F /* Assets.xcassets in Resources */ = {isa = PBXBuildFile; fileRef = C1E34539267FBBA500CA373F /* Assets.xcassets */; };
		C1E3453D267FBBA500CA373F /* LaunchScreen.storyboard in Resources */ = {isa = PBXBuildFile; fileRef = C1E3453B267FBBA500CA373F /* LaunchScreen.storyboard */; };
		C1ED3CEC273734B7003DBBE8 /* Sample Review Info.cpp in Sources */ = {isa = PBXBuildFile; fileRef = C1ED3CEA273734B7003DBBE8 /* Sample Review Info.cpp */; };
/* End PBXBuildFile section */

/* Begin PBXFileReference section */
		C000332F878068E7FFCA51DE /* Pods-HiNoteSummer21.release.xcconfig */ = {isa = PBXFileReference; includeInIndex = 1; lastKnownFileType = text.xcconfig; name = "Pods-HiNoteSummer21.release.xcconfig"; path = "Pods/Target Support Files/Pods-HiNoteSummer21/Pods-HiNoteSummer21.release.xcconfig"; sourceTree = "<group>"; };
		C14CDC4A269B6F60001FEBB2 /* GoogleService-Info.plist */ = {isa = PBXFileReference; fileEncoding = 4; lastKnownFileType = text.plist.xml; path = "GoogleService-Info.plist"; sourceTree = "<group>"; };
		C1E3452D267FBB9B00CA373F /* HiNoteSummer21.app */ = {isa = PBXFileReference; explicitFileType = wrapper.application; includeInIndex = 0; path = HiNoteSummer21.app; sourceTree = BUILT_PRODUCTS_DIR; };
		C1E34530267FBB9B00CA373F /* AppDelegate.swift */ = {isa = PBXFileReference; lastKnownFileType = sourcecode.swift; path = AppDelegate.swift; sourceTree = "<group>"; };
		C1E34532267FBB9C00CA373F /* SceneDelegate.swift */ = {isa = PBXFileReference; lastKnownFileType = sourcecode.swift; path = SceneDelegate.swift; sourceTree = "<group>"; };
		C1E34534267FBB9C00CA373F /* ViewController.swift */ = {isa = PBXFileReference; lastKnownFileType = sourcecode.swift; path = ViewController.swift; sourceTree = "<group>"; };
		C1E34537267FBB9C00CA373F /* Base */ = {isa = PBXFileReference; lastKnownFileType = file.storyboard; name = Base; path = Base.lproj/Main.storyboard; sourceTree = "<group>"; };
		C1E34539267FBBA500CA373F /* Assets.xcassets */ = {isa = PBXFileReference; lastKnownFileType = folder.assetcatalog; path = Assets.xcassets; sourceTree = "<group>"; };
		C1E3453C267FBBA500CA373F /* Base */ = {isa = PBXFileReference; lastKnownFileType = file.storyboard; name = Base; path = Base.lproj/LaunchScreen.storyboard; sourceTree = "<group>"; };
		C1E3453E267FBBA500CA373F /* Info.plist */ = {isa = PBXFileReference; lastKnownFileType = text.plist.xml; path = Info.plist; sourceTree = "<group>"; };
		C1ED3CE9273734B7003DBBE8 /* HiNoteSummer21-Bridging-Header.h */ = {isa = PBXFileReference; lastKnownFileType = sourcecode.c.h; path = "HiNoteSummer21-Bridging-Header.h"; sourceTree = "<group>"; };
		C1ED3CEA273734B7003DBBE8 /* Sample Review Info.cpp */ = {isa = PBXFileReference; lastKnownFileType = sourcecode.cpp.cpp; path = "Sample Review Info.cpp"; sourceTree = "<group>"; };
		C1ED3CEB273734B7003DBBE8 /* Sample Review Info.hpp */ = {isa = PBXFileReference; lastKnownFileType = sourcecode.cpp.h; path = "Sample Review Info.hpp"; sourceTree = "<group>"; };
		DAF77A3776E75EC55CB0E47F /* Pods_HiNoteSummer21.framework */ = {isa = PBXFileReference; explicitFileType = wrapper.framework; includeInIndex = 0; path = Pods_HiNoteSummer21.framework; sourceTree = BUILT_PRODUCTS_DIR; };
		FE83A3DC5A3DD08B7416D59C /* Pods-HiNoteSummer21.debug.xcconfig */ = {isa = PBXFileReference; includeInIndex = 1; lastKnownFileType = text.xcconfig; name = "Pods-HiNoteSummer21.debug.xcconfig"; path = "Pods/Target Support Files/Pods-HiNoteSummer21/Pods-HiNoteSummer21.debug.xcconfig"; sourceTree = "<group>"; };
/* End PBXFileReference section */

/* Begin PBXFrameworksBuildPhase section */
		C1E3452A267FBB9B00CA373F /* Frameworks */ = {
			isa = PBXFrameworksBuildPhase;
			buildActionMask = 2147483647;
			files = (
				A3DCE129D290E77B20FAB327 /* Pods_HiNoteSummer21.framework in Frameworks */,
			);
			runOnlyForDeploymentPostprocessing = 0;
		};
/* End PBXFrameworksBuildPhase section */

/* Begin PBXGroup section */
		7C99D5C5B65CD71201548D1E /* Frameworks */ = {
			isa = PBXGroup;
			children = (
				DAF77A3776E75EC55CB0E47F /* Pods_HiNoteSummer21.framework */,
			);
			name = Frameworks;
			sourceTree = "<group>";
		};
		7FE6D7DAF1D6488BA61F63EA /* Pods */ = {
			isa = PBXGroup;
			children = (
				FE83A3DC5A3DD08B7416D59C /* Pods-HiNoteSummer21.debug.xcconfig */,
				C000332F878068E7FFCA51DE /* Pods-HiNoteSummer21.release.xcconfig */,
			);
			name = Pods;
			sourceTree = "<group>";
		};
		C1E34524267FBB9B00CA373F = {
			isa = PBXGroup;
			children = (
				C1E3452F267FBB9B00CA373F /* HiNoteSummer21 */,
				C1E3452E267FBB9B00CA373F /* Products */,
				7FE6D7DAF1D6488BA61F63EA /* Pods */,
				7C99D5C5B65CD71201548D1E /* Frameworks */,
			);
			sourceTree = "<group>";
		};
		C1E3452E267FBB9B00CA373F /* Products */ = {
			isa = PBXGroup;
			children = (
				C1E3452D267FBB9B00CA373F /* HiNoteSummer21.app */,
			);
			name = Products;
			sourceTree = "<group>";
		};
		C1E3452F267FBB9B00CA373F /* HiNoteSummer21 */ = {
			isa = PBXGroup;
			children = (
				C1E34530267FBB9B00CA373F /* AppDelegate.swift */,
				C1E34532267FBB9C00CA373F /* SceneDelegate.swift */,
				C1E34534267FBB9C00CA373F /* ViewController.swift */,
				C14CDC4A269B6F60001FEBB2 /* GoogleService-Info.plist */,
				C1E34536267FBB9C00CA373F /* Main.storyboard */,
				C1E34539267FBBA500CA373F /* Assets.xcassets */,
				C1E3453B267FBBA500CA373F /* LaunchScreen.storyboard */,
				C1E3453E267FBBA500CA373F /* Info.plist */,
				C1ED3CEA273734B7003DBBE8 /* Sample Review Info.cpp */,
				C1ED3CEB273734B7003DBBE8 /* Sample Review Info.hpp */,
				C1ED3CE9273734B7003DBBE8 /* HiNoteSummer21-Bridging-Header.h */,
			);
			path = HiNoteSummer21;
			sourceTree = "<group>";
		};
/* End PBXGroup section */

/* Begin PBXNativeTarget section */
		C1E3452C267FBB9B00CA373F /* HiNoteSummer21 */ = {
			isa = PBXNativeTarget;
			buildConfigurationList = C1E34541267FBBA500CA373F /* Build configuration list for PBXNativeTarget "HiNoteSummer21" */;
			buildPhases = (
				9979271B5E6F069548CA0E09 /* [CP] Check Pods Manifest.lock */,
				C1E34529267FBB9B00CA373F /* Sources */,
				C1E3452A267FBB9B00CA373F /* Frameworks */,
				C1E3452B267FBB9B00CA373F /* Resources */,
				2A08CC3A804A13BE84E2C11A /* [CP] Embed Pods Frameworks */,
				C14CDC4C269B70F6001FEBB2 /* ShellScript */,
			);
			buildRules = (
			);
			dependencies = (
			);
			name = HiNoteSummer21;
			productName = HiNoteSummer21;
			productReference = C1E3452D267FBB9B00CA373F /* HiNoteSummer21.app */;
			productType = "com.apple.product-type.application";
		};
/* End PBXNativeTarget section */

/* Begin PBXProject section */
		C1E34525267FBB9B00CA373F /* Project object */ = {
			isa = PBXProject;
			attributes = {
				LastSwiftUpdateCheck = 1220;
				LastUpgradeCheck = 1220;
				TargetAttributes = {
					C1E3452C267FBB9B00CA373F = {
						CreatedOnToolsVersion = 12.2;
						LastSwiftMigration = 1250;
					};
				};
			};
			buildConfigurationList = C1E34528267FBB9B00CA373F /* Build configuration list for PBXProject "HiNoteSummer21" */;
			compatibilityVersion = "Xcode 9.3";
			developmentRegion = en;
			hasScannedForEncodings = 0;
			knownRegions = (
				en,
				Base,
			);
			mainGroup = C1E34524267FBB9B00CA373F;
			productRefGroup = C1E3452E267FBB9B00CA373F /* Products */;
			projectDirPath = "";
			projectRoot = "";
			targets = (
				C1E3452C267FBB9B00CA373F /* HiNoteSummer21 */,
			);
		};
/* End PBXProject section */

/* Begin PBXResourcesBuildPhase section */
		C1E3452B267FBB9B00CA373F /* Resources */ = {
			isa = PBXResourcesBuildPhase;
			buildActionMask = 2147483647;
			files = (
				C14CDC4B269B6F60001FEBB2 /* GoogleService-Info.plist in Resources */,
				C1E3453D267FBBA500CA373F /* LaunchScreen.storyboard in Resources */,
				C1E3453A267FBBA500CA373F /* Assets.xcassets in Resources */,
				C1E34538267FBB9C00CA373F /* Main.storyboard in Resources */,
			);
			runOnlyForDeploymentPostprocessing = 0;
		};
/* End PBXResourcesBuildPhase section */

/* Begin PBXShellScriptBuildPhase section */
		2A08CC3A804A13BE84E2C11A /* [CP] Embed Pods Frameworks */ = {
			isa = PBXShellScriptBuildPhase;
			buildActionMask = 2147483647;
			files = (
			);
			inputPaths = (
				"${SRCROOT}/Pods/Target Support Files/Pods-HiNoteSummer21/Pods-HiNoteSummer21-frameworks.sh",
				"${BUILT_PRODUCTS_DIR}/FirebaseCore/FirebaseCore.framework",
				"${BUILT_PRODUCTS_DIR}/FirebaseCoreDiagnostics/FirebaseCoreDiagnostics.framework",
				"${BUILT_PRODUCTS_DIR}/FirebaseCrashlytics/FirebaseCrashlytics.framework",
				"${BUILT_PRODUCTS_DIR}/FirebaseInstallations/FirebaseInstallations.framework",
				"${BUILT_PRODUCTS_DIR}/GoogleDataTransport/GoogleDataTransport.framework",
				"${BUILT_PRODUCTS_DIR}/GoogleUtilities/GoogleUtilities.framework",
				"${BUILT_PRODUCTS_DIR}/PromisesObjC/FBLPromises.framework",
				"${BUILT_PRODUCTS_DIR}/nanopb/nanopb.framework",
			);
			name = "[CP] Embed Pods Frameworks";
			outputPaths = (
				"${TARGET_BUILD_DIR}/${FRAMEWORKS_FOLDER_PATH}/FirebaseCore.framework",
				"${TARGET_BUILD_DIR}/${FRAMEWORKS_FOLDER_PATH}/FirebaseCoreDiagnostics.framework",
				"${TARGET_BUILD_DIR}/${FRAMEWORKS_FOLDER_PATH}/FirebaseCrashlytics.framework",
				"${TARGET_BUILD_DIR}/${FRAMEWORKS_FOLDER_PATH}/FirebaseInstallations.framework",
				"${TARGET_BUILD_DIR}/${FRAMEWORKS_FOLDER_PATH}/GoogleDataTransport.framework",
				"${TARGET_BUILD_DIR}/${FRAMEWORKS_FOLDER_PATH}/GoogleUtilities.framework",
				"${TARGET_BUILD_DIR}/${FRAMEWORKS_FOLDER_PATH}/FBLPromises.framework",
				"${TARGET_BUILD_DIR}/${FRAMEWORKS_FOLDER_PATH}/nanopb.framework",
			);
			runOnlyForDeploymentPostprocessing = 0;
			shellPath = /bin/sh;
			shellScript = "\"${SRCROOT}/Pods/Target Support Files/Pods-HiNoteSummer21/Pods-HiNoteSummer21-frameworks.sh\"\n";
			showEnvVarsInLog = 0;
		};
		9979271B5E6F069548CA0E09 /* [CP] Check Pods Manifest.lock */ = {
			isa = PBXShellScriptBuildPhase;
			buildActionMask = 2147483647;
			files = (
			);
			inputPaths = (
				"${PODS_PODFILE_DIR_PATH}/Podfile.lock",
				"${PODS_ROOT}/Manifest.lock",
			);
			name = "[CP] Check Pods Manifest.lock";
			outputPaths = (
				"$(DERIVED_FILE_DIR)/Pods-HiNoteSummer21-checkManifestLockResult.txt",
			);
			runOnlyForDeploymentPostprocessing = 0;
			shellPath = /bin/sh;
			shellScript = "diff \"${PODS_PODFILE_DIR_PATH}/Podfile.lock\" \"${PODS_ROOT}/Manifest.lock\" > /dev/null\nif [ $? != 0 ] ; then\n    # print error to STDERR\n    echo \"error: The sandbox is not in sync with the Podfile.lock. Run 'pod install' or update your CocoaPods installation.\" >&2\n    exit 1\nfi\n# This output is used by Xcode 'outputs' to avoid re-running this script phase.\necho \"SUCCESS\" > \"${SCRIPT_OUTPUT_FILE_0}\"\n";
			showEnvVarsInLog = 0;
		};
		C14CDC4C269B70F6001FEBB2 /* ShellScript */ = {
			isa = PBXShellScriptBuildPhase;
			buildActionMask = 2147483647;
			files = (
			);
			inputFileListPaths = (
			);
			inputPaths = (
			);
			outputFileListPaths = (
			);
			outputPaths = (
			);
			runOnlyForDeploymentPostprocessing = 0;
			shellPath = /bin/sh;
			shellScript = "\"${PODS_ROOT}/FirebaseCrashlytics/run\"\n";
		};
/* End PBXShellScriptBuildPhase section */

/* Begin PBXSourcesBuildPhase section */
		C1E34529267FBB9B00CA373F /* Sources */ = {
			isa = PBXSourcesBuildPhase;
			buildActionMask = 2147483647;
			files = (
				C1E34535267FBB9C00CA373F /* ViewController.swift in Sources */,
				C1E34531267FBB9C00CA373F /* AppDelegate.swift in Sources */,
				C1E34533267FBB9C00CA373F /* SceneDelegate.swift in Sources */,
				C1ED3CEC273734B7003DBBE8 /* Sample Review Info.cpp in Sources */,
			);
			runOnlyForDeploymentPostprocessing = 0;
		};
/* End PBXSourcesBuildPhase section */

/* Begin PBXVariantGroup section */
		C1E34536267FBB9C00CA373F /* Main.storyboard */ = {
			isa = PBXVariantGroup;
			children = (
				C1E34537267FBB9C00CA373F /* Base */,
			);
			name = Main.storyboard;
			sourceTree = "<group>";
		};
		C1E3453B267FBBA500CA373F /* LaunchScreen.storyboard */ = {
			isa = PBXVariantGroup;
			children = (
				C1E3453C267FBBA500CA373F /* Base */,
			);
			name = LaunchScreen.storyboard;
			sourceTree = "<group>";
		};
/* End PBXVariantGroup section */

/* Begin XCBuildConfiguration section */
		C1E3453F267FBBA500CA373F /* Debug */ = {
			isa = XCBuildConfiguration;
			buildSettings = {
				ALWAYS_SEARCH_USER_PATHS = NO;
				CLANG_ANALYZER_NONNULL = YES;
				CLANG_ANALYZER_NUMBER_OBJECT_CONVERSION = YES_AGGRESSIVE;
				CLANG_CXX_LANGUAGE_STANDARD = "gnu++14";
				CLANG_CXX_LIBRARY = "libc++";
				CLANG_ENABLE_MODULES = YES;
				CLANG_ENABLE_OBJC_ARC = YES;
				CLANG_ENABLE_OBJC_WEAK = YES;
				CLANG_WARN_BLOCK_CAPTURE_AUTORELEASING = YES;
				CLANG_WARN_BOOL_CONVERSION = YES;
				CLANG_WARN_COMMA = YES;
				CLANG_WARN_CONSTANT_CONVERSION = YES;
				CLANG_WARN_DEPRECATED_OBJC_IMPLEMENTATIONS = YES;
				CLANG_WARN_DIRECT_OBJC_ISA_USAGE = YES_ERROR;
				CLANG_WARN_DOCUMENTATION_COMMENTS = YES;
				CLANG_WARN_EMPTY_BODY = YES;
				CLANG_WARN_ENUM_CONVERSION = YES;
				CLANG_WARN_INFINITE_RECURSION = YES;
				CLANG_WARN_INT_CONVERSION = YES;
				CLANG_WARN_NON_LITERAL_NULL_CONVERSION = YES;
				CLANG_WARN_OBJC_IMPLICIT_RETAIN_SELF = YES;
				CLANG_WARN_OBJC_LITERAL_CONVERSION = YES;
				CLANG_WARN_OBJC_ROOT_CLASS = YES_ERROR;
				CLANG_WARN_QUOTED_INCLUDE_IN_FRAMEWORK_HEADER = YES;
				CLANG_WARN_RANGE_LOOP_ANALYSIS = YES;
				CLANG_WARN_STRICT_PROTOTYPES = YES;
				CLANG_WARN_SUSPICIOUS_MOVE = YES;
				CLANG_WARN_UNGUARDED_AVAILABILITY = YES_AGGRESSIVE;
				CLANG_WARN_UNREACHABLE_CODE = YES;
				CLANG_WARN__DUPLICATE_METHOD_MATCH = YES;
				COPY_PHASE_STRIP = NO;
				DEBUG_INFORMATION_FORMAT = dwarf;
				ENABLE_STRICT_OBJC_MSGSEND = YES;
				ENABLE_TESTABILITY = YES;
				GCC_C_LANGUAGE_STANDARD = gnu11;
				GCC_DYNAMIC_NO_PIC = NO;
				GCC_NO_COMMON_BLOCKS = YES;
				GCC_OPTIMIZATION_LEVEL = 0;
				GCC_PREPROCESSOR_DEFINITIONS = (
					"DEBUG=1",
					"$(inherited)",
				);
				GCC_WARN_64_TO_32_BIT_CONVERSION = YES;
				GCC_WARN_ABOUT_RETURN_TYPE = YES_ERROR;
				GCC_WARN_UNDECLARED_SELECTOR = YES;
				GCC_WARN_UNINITIALIZED_AUTOS = YES_AGGRESSIVE;
				GCC_WARN_UNUSED_FUNCTION = YES;
				GCC_WARN_UNUSED_VARIABLE = YES;
				IPHONEOS_DEPLOYMENT_TARGET = 14.2;
				MTL_ENABLE_DEBUG_INFO = INCLUDE_SOURCE;
				MTL_FAST_MATH = YES;
				ONLY_ACTIVE_ARCH = YES;
				SDKROOT = iphoneos;
				SWIFT_ACTIVE_COMPILATION_CONDITIONS = DEBUG;
				SWIFT_OPTIMIZATION_LEVEL = "-Onone";
			};
			name = Debug;
		};
		C1E34540267FBBA500CA373F /* Release */ = {
			isa = XCBuildConfiguration;
			buildSettings = {
				ALWAYS_SEARCH_USER_PATHS = NO;
				CLANG_ANALYZER_NONNULL = YES;
				CLANG_ANALYZER_NUMBER_OBJECT_CONVERSION = YES_AGGRESSIVE;
				CLANG_CXX_LANGUAGE_STANDARD = "gnu++14";
				CLANG_CXX_LIBRARY = "libc++";
				CLANG_ENABLE_MODULES = YES;
				CLANG_ENABLE_OBJC_ARC = YES;
				CLANG_ENABLE_OBJC_WEAK = YES;
				CLANG_WARN_BLOCK_CAPTURE_AUTORELEASING = YES;
				CLANG_WARN_BOOL_CONVERSION = YES;
				CLANG_WARN_COMMA = YES;
				CLANG_WARN_CONSTANT_CONVERSION = YES;
				CLANG_WARN_DEPRECATED_OBJC_IMPLEMENTATIONS = YES;
				CLANG_WARN_DIRECT_OBJC_ISA_USAGE = YES_ERROR;
				CLANG_WARN_DOCUMENTATION_COMMENTS = YES;
				CLANG_WARN_EMPTY_BODY = YES;
				CLANG_WARN_ENUM_CONVERSION = YES;
				CLANG_WARN_INFINITE_RECURSION = YES;
				CLANG_WARN_INT_CONVERSION = YES;
				CLANG_WARN_NON_LITERAL_NULL_CONVERSION = YES;
				CLANG_WARN_OBJC_IMPLICIT_RETAIN_SELF = YES;
				CLANG_WARN_OBJC_LITERAL_CONVERSION = YES;
				CLANG_WARN_OBJC_ROOT_CLASS = YES_ERROR;
				CLANG_WARN_QUOTED_INCLUDE_IN_FRAMEWORK_HEADER = YES;
				CLANG_WARN_RANGE_LOOP_ANALYSIS = YES;
				CLANG_WARN_STRICT_PROTOTYPES = YES;
				CLANG_WARN_SUSPICIOUS_MOVE = YES;
				CLANG_WARN_UNGUARDED_AVAILABILITY = YES_AGGRESSIVE;
				CLANG_WARN_UNREACHABLE_CODE = YES;
				CLANG_WARN__DUPLICATE_METHOD_MATCH = YES;
				COPY_PHASE_STRIP = NO;
				DEBUG_INFORMATION_FORMAT = "dwarf-with-dsym";
				ENABLE_NS_ASSERTIONS = NO;
				ENABLE_STRICT_OBJC_MSGSEND = YES;
				GCC_C_LANGUAGE_STANDARD = gnu11;
				GCC_NO_COMMON_BLOCKS = YES;
				GCC_WARN_64_TO_32_BIT_CONVERSION = YES;
				GCC_WARN_ABOUT_RETURN_TYPE = YES_ERROR;
				GCC_WARN_UNDECLARED_SELECTOR = YES;
				GCC_WARN_UNINITIALIZED_AUTOS = YES_AGGRESSIVE;
				GCC_WARN_UNUSED_FUNCTION = YES;
				GCC_WARN_UNUSED_VARIABLE = YES;
				IPHONEOS_DEPLOYMENT_TARGET = 14.2;
				MTL_ENABLE_DEBUG_INFO = NO;
				MTL_FAST_MATH = YES;
				SDKROOT = iphoneos;
				SWIFT_COMPILATION_MODE = wholemodule;
				SWIFT_OPTIMIZATION_LEVEL = "-O";
				VALIDATE_PRODUCT = YES;
			};
			name = Release;
		};
		C1E34542267FBBA500CA373F /* Debug */ = {
			isa = XCBuildConfiguration;
			baseConfigurationReference = FE83A3DC5A3DD08B7416D59C /* Pods-HiNoteSummer21.debug.xcconfig */;
			buildSettings = {
				ASSETCATALOG_COMPILER_APPICON_NAME = AppIcon;
				ASSETCATALOG_COMPILER_GLOBAL_ACCENT_COLOR_NAME = AccentColor;
				CLANG_ENABLE_MODULES = YES;
				CODE_SIGN_STYLE = Automatic;
				DEVELOPMENT_TEAM = S5TSK3BW7F;
				INFOPLIST_FILE = HiNoteSummer21/Info.plist;
				IPHONEOS_DEPLOYMENT_TARGET = 14.2;
				LD_RUNPATH_SEARCH_PATHS = (
					"$(inherited)",
					"@executable_path/Frameworks",
				);
				PRODUCT_BUNDLE_IDENTIFIER = com.devjij.hinotesummer21;
				PRODUCT_NAME = "$(TARGET_NAME)";
				SWIFT_OBJC_BRIDGING_HEADER = "HiNoteSummer21/HiNoteSummer21-Bridging-Header.h";
				SWIFT_OPTIMIZATION_LEVEL = "-Onone";
				SWIFT_VERSION = 5.0;
				TARGETED_DEVICE_FAMILY = "1,2";
			};
			name = Debug;
		};
		C1E34543267FBBA500CA373F /* Release */ = {
			isa = XCBuildConfiguration;
			baseConfigurationReference = C000332F878068E7FFCA51DE /* Pods-HiNoteSummer21.release.xcconfig */;
			buildSettings = {
				ASSETCATALOG_COMPILER_APPICON_NAME = AppIcon;
				ASSETCATALOG_COMPILER_GLOBAL_ACCENT_COLOR_NAME = AccentColor;
				CLANG_ENABLE_MODULES = YES;
				CODE_SIGN_STYLE = Automatic;
				DEVELOPMENT_TEAM = S5TSK3BW7F;
				INFOPLIST_FILE = HiNoteSummer21/Info.plist;
				IPHONEOS_DEPLOYMENT_TARGET = 14.2;
				LD_RUNPATH_SEARCH_PATHS = (
					"$(inherited)",
					"@executable_path/Frameworks",
				);
				PRODUCT_BUNDLE_IDENTIFIER = com.devjij.hinotesummer21;
				PRODUCT_NAME = "$(TARGET_NAME)";
				SWIFT_OBJC_BRIDGING_HEADER = "HiNoteSummer21/HiNoteSummer21-Bridging-Header.h";
				SWIFT_VERSION = 5.0;
				TARGETED_DEVICE_FAMILY = "1,2";
			};
			name = Release;
		};
/* End XCBuildConfiguration section */

/* Begin XCConfigurationList section */
		C1E34528267FBB9B00CA373F /* Build configuration list for PBXProject "HiNoteSummer21" */ = {
			isa = XCConfigurationList;
			buildConfigurations = (
				C1E3453F267FBBA500CA373F /* Debug */,
				C1E34540267FBBA500CA373F /* Release */,
			);
			defaultConfigurationIsVisible = 0;
			defaultConfigurationName = Release;
		};
		C1E34541267FBBA500CA373F /* Build configuration list for PBXNativeTarget "HiNoteSummer21" */ = {
			isa = XCConfigurationList;
			buildConfigurations = (
				C1E34542267FBBA500CA373F /* Debug */,
				C1E34543267FBBA500CA373F /* Release */,
			);
			defaultConfigurationIsVisible = 0;
			defaultConfigurationName = Release;
		};
/* End XCConfigurationList section */
	};
	rootObject = C1E34525267FBB9B00CA373F /* Project object */;
}
